
Microsoft Visual Studio Solution File, Format Version 12.00
# Visual Studio Version 17
VisualStudioVersion = 17.14.36109.1 d17.14
MinimumVisualStudioVersion = 10.0.40219.1
Project("{888888A0-9F3D-457C-B088-3A5042F75D52}") = "Rolobox Lab5", "Rolobox Lab5.pyproj", "{10C79AEE-0C3E-4598-8A9D-F34CB8B5A0CE}"
EndProject
Global
	GlobalSection(SolutionConfigurationPlatforms) = preSolution
		Debug|Any CPU = Debug|Any CPU
		Release|Any CPU = Release|Any CPU
	EndGlobalSection
	GlobalSection(ProjectConfigurationPlatforms) = postSolution
		{10C79AEE-0C3E-4598-8A9D-F34CB8B5A0CE}.Debug|Any CPU.ActiveCfg = Debug|Any CPU
		{10C79AEE-0C3E-4598-8A9D-F34CB8B5A0CE}.Release|Any CPU.ActiveCfg = Release|Any CPU
	EndGlobalSection
	GlobalSection(SolutionProperties) = preSolution
		HideSolutionNode = FALSE
	EndGlobalSection
	GlobalSection(ExtensibilityGlobals) = postSolution
		SolutionGuid = {95FF78B4-48B3-47BF-8178-DEBB1C4ABDB1}
	EndGlobalSection
EndGlobal
